
Microsoft Visual Studio Solution File, Format Version 12.00
# Visual Studio Version 17
VisualStudioVersion = 17.7.34031.279
MinimumVisualStudioVersion = 10.0.40219.1
Project("{9A19103F-16F7-4668-BE54-9A1E7A4F7556}") = "TraineeCamp", "TraineeCamp\TraineeCamp.csproj", "{59681473-80AC-473F-BF0E-3C563C79763D}"
EndProject
Project("{9A19103F-16F7-4668-BE54-9A1E7A4F7556}") = "BlobTriggerCSharp", "BlobTriggerCSharp\BlobTriggerCSharp.csproj", "{079A94B5-BD63-4CE1-AA60-8AF442544308}"
EndProject
Global
	GlobalSection(SolutionConfigurationPlatforms) = preSolution
		Debug|Any CPU = Debug|Any CPU
		Release|Any CPU = Release|Any CPU
	EndGlobalSection
	GlobalSection(ProjectConfigurationPlatforms) = postSolution
		{59681473-80AC-473F-BF0E-3C563C79763D}.Debug|Any CPU.ActiveCfg = Debug|Any CPU
		{59681473-80AC-473F-BF0E-3C563C79763D}.Debug|Any CPU.Build.0 = Debug|Any CPU
		{59681473-80AC-473F-BF0E-3C563C79763D}.Release|Any CPU.ActiveCfg = Release|Any CPU
		{59681473-80AC-473F-BF0E-3C563C79763D}.Release|Any CPU.Build.0 = Release|Any CPU
		{079A94B5-BD63-4CE1-AA60-8AF442544308}.Debug|Any CPU.ActiveCfg = Debug|Any CPU
		{079A94B5-BD63-4CE1-AA60-8AF442544308}.Debug|Any CPU.Build.0 = Debug|Any CPU
		{079A94B5-BD63-4CE1-AA60-8AF442544308}.Release|Any CPU.ActiveCfg = Release|Any CPU
		{079A94B5-BD63-4CE1-AA60-8AF442544308}.Release|Any CPU.Build.0 = Release|Any CPU
	EndGlobalSection
	GlobalSection(SolutionProperties) = preSolution
		HideSolutionNode = FALSE
	EndGlobalSection
	GlobalSection(ExtensibilityGlobals) = postSolution
		SolutionGuid = {F822BDF1-4BED-439C-9988-7693AB08049F}
	EndGlobalSection
EndGlobal
